
Microsoft Visual Studio Solution File, Format Version 12.00
# Visual Studio Version 17
VisualStudioVersion = 17.5.33424.131
MinimumVisualStudioVersion = 10.0.40219.1
Project("{FAE04EC0-301F-11D3-BF4B-00C04F79EFBC}") = "DesarrolloAPPS", "DesarrolloAPPS\DesarrolloAPPS.csproj", "{FF233317-EED0-4207-BC9E-F39B977489BC}"
EndProject
Global
	GlobalSection(SolutionConfigurationPlatforms) = preSolution
		Debug|Any CPU = Debug|Any CPU
		Release|Any CPU = Release|Any CPU
	EndGlobalSection
	GlobalSection(ProjectConfigurationPlatforms) = postSolution
		{FF233317-EED0-4207-BC9E-F39B977489BC}.Debug|Any CPU.ActiveCfg = Debug|Any CPU
		{FF233317-EED0-4207-BC9E-F39B977489BC}.Debug|Any CPU.Build.0 = Debug|Any CPU
		{FF233317-EED0-4207-BC9E-F39B977489BC}.Release|Any CPU.ActiveCfg = Release|Any CPU
		{FF233317-EED0-4207-BC9E-F39B977489BC}.Release|Any CPU.Build.0 = Release|Any CPU
	EndGlobalSection
	GlobalSection(SolutionProperties) = preSolution
		HideSolutionNode = FALSE
	EndGlobalSection
	GlobalSection(ExtensibilityGlobals) = postSolution
		SolutionGuid = {03E198F6-34F6-41E6-8255-B12BBC5B6798}
	EndGlobalSection
EndGlobal
